
Microsoft Visual Studio Solution File, Format Version 12.00
# Visual Studio Version 17
VisualStudioVersion = 17.0.31903.59
MinimumVisualStudioVersion = 10.0.40219.1
Project("{FAE04EC0-301F-11D3-BF4B-00C04F79EFBC}") = "pipelinedemo", "pipelinedemo\pipelinedemo.csproj", "{842CB8FF-4BA2-4723-B866-C028CAA2A207}"
EndProject
Project("{FAE04EC0-301F-11D3-BF4B-00C04F79EFBC}") = "pipelinetest", "pipelinetest\pipelinetest.csproj", "{F08AF707-EAF4-45B1-A13C-825CF7718A4E}"
EndProject
Global
	GlobalSection(SolutionConfigurationPlatforms) = preSolution
		Debug|Any CPU = Debug|Any CPU
		Release|Any CPU = Release|Any CPU
	EndGlobalSection
	GlobalSection(SolutionProperties) = preSolution
		HideSolutionNode = FALSE
	EndGlobalSection
	GlobalSection(ProjectConfigurationPlatforms) = postSolution
		{842CB8FF-4BA2-4723-B866-C028CAA2A207}.Debug|Any CPU.ActiveCfg = Debug|Any CPU
		{842CB8FF-4BA2-4723-B866-C028CAA2A207}.Debug|Any CPU.Build.0 = Debug|Any CPU
		{842CB8FF-4BA2-4723-B866-C028CAA2A207}.Release|Any CPU.ActiveCfg = Release|Any CPU
		{842CB8FF-4BA2-4723-B866-C028CAA2A207}.Release|Any CPU.Build.0 = Release|Any CPU
		{F08AF707-EAF4-45B1-A13C-825CF7718A4E}.Debug|Any CPU.ActiveCfg = Debug|Any CPU
		{F08AF707-EAF4-45B1-A13C-825CF7718A4E}.Debug|Any CPU.Build.0 = Debug|Any CPU
		{F08AF707-EAF4-45B1-A13C-825CF7718A4E}.Release|Any CPU.ActiveCfg = Release|Any CPU
		{F08AF707-EAF4-45B1-A13C-825CF7718A4E}.Release|Any CPU.Build.0 = Release|Any CPU
	EndGlobalSection
EndGlobal
